// !$*UTF8*$!
{
	archiveVersion = 1;
	classes = {
	};
	objectVersion = 48;
	objects = {

/* Begin PBXBuildFile section */
		28116C8A21CD0BA100F169BE /* UIBarButtonItem- Extension.swift in Sources */ = {isa = PBXBuildFile; fileRef = 28116C8921CD0BA100F169BE /* UIBarButtonItem- Extension.swift */; };
		284FB262218C445A00A50A71 /* 1541147852330.jpg in Resources */ = {isa = PBXBuildFile; fileRef = 284FB261218C445900A50A71 /* 1541147852330.jpg */; };
		288099AF21DE1378009B766E /* PageContentView.swift in Sources */ = {isa = PBXBuildFile; fileRef = 288099AD21DE1378009B766E /* PageContentView.swift */; };
		288099B021DE1378009B766E /* PageTitleView.swift in Sources */ = {isa = PBXBuildFile; fileRef = 288099AE21DE1378009B766E /* PageTitleView.swift */; };
		288099B221DF0ACC009B766E /* UIColor-Extension.swift in Sources */ = {isa = PBXBuildFile; fileRef = 288099B121DF0ACC009B766E /* UIColor-Extension.swift */; };
		288099BB21DF2B45009B766E /* GameViewController.swift in Sources */ = {isa = PBXBuildFile; fileRef = 288099BA21DF2B45009B766E /* GameViewController.swift */; };
		288099BD21DF2B5B009B766E /* FunnyViewController.swift in Sources */ = {isa = PBXBuildFile; fileRef = 288099BC21DF2B5B009B766E /* FunnyViewController.swift */; };
		288099C121DF2B8C009B766E /* RecommendViewController.swift in Sources */ = {isa = PBXBuildFile; fileRef = 288099C021DF2B8C009B766E /* RecommendViewController.swift */; };
		288099C321DF2BA3009B766E /* AmuseViewController.swift in Sources */ = {isa = PBXBuildFile; fileRef = 288099C221DF2BA3009B766E /* AmuseViewController.swift */; };
		288099C621E32323009B766E /* RecomHeaderView.swift in Sources */ = {isa = PBXBuildFile; fileRef = 288099C421E32323009B766E /* RecomHeaderView.swift */; };
		288099C721E32323009B766E /* RecomHeaderView.xib in Resources */ = {isa = PBXBuildFile; fileRef = 288099C521E32323009B766E /* RecomHeaderView.xib */; };
		288099CD21E33170009B766E /* CollectionNormalCell.xib in Resources */ = {isa = PBXBuildFile; fileRef = 288099C821E33170009B766E /* CollectionNormalCell.xib */; };
		288099CE21E33170009B766E /* CollectionNormalCell.swift in Sources */ = {isa = PBXBuildFile; fileRef = 288099C921E33170009B766E /* CollectionNormalCell.swift */; };
		288099CF21E33170009B766E /* CollectionBaseCell.swift in Sources */ = {isa = PBXBuildFile; fileRef = 288099CA21E33170009B766E /* CollectionBaseCell.swift */; };
		288099D021E33170009B766E /* CollectionPrettyCell.swift in Sources */ = {isa = PBXBuildFile; fileRef = 288099CB21E33170009B766E /* CollectionPrettyCell.swift */; };
		288099D121E33170009B766E /* CollectionPrettyCell.xib in Resources */ = {isa = PBXBuildFile; fileRef = 288099CC21E33170009B766E /* CollectionPrettyCell.xib */; };
		288099D721E6E4D7009B766E /* RecommendViewModel.swift in Sources */ = {isa = PBXBuildFile; fileRef = 288099D621E6E4D7009B766E /* RecommendViewModel.swift */; };
		288099D921E6E6DD009B766E /* NSDate-Extension.swift in Sources */ = {isa = PBXBuildFile; fileRef = 288099D821E6E6DD009B766E /* NSDate-Extension.swift */; };
		288099DB21E6ECA4009B766E /* AnchorGroup.swift in Sources */ = {isa = PBXBuildFile; fileRef = 288099DA21E6ECA4009B766E /* AnchorGroup.swift */; };
		28809A0621E72EF4009B766E /* HandyJSON.framework in Frameworks */ = {isa = PBXBuildFile; fileRef = 28809A0521E72EF4009B766E /* HandyJSON.framework */; };
		28A4C395216F3FB8000107E9 /* TabBarViewController.swift in Sources */ = {isa = PBXBuildFile; fileRef = 28A4C394216F3FB8000107E9 /* TabBarViewController.swift */; };
		28A4C398216F3FD7000107E9 /* HomeViewController.swift in Sources */ = {isa = PBXBuildFile; fileRef = 28A4C396216F3FD7000107E9 /* HomeViewController.swift */; };
		28A4C399216F3FD7000107E9 /* Home.storyboard in Resources */ = {isa = PBXBuildFile; fileRef = 28A4C397216F3FD7000107E9 /* Home.storyboard */; };
		28A4C39B21704E2E000107E9 /* TitleButton.swift in Sources */ = {isa = PBXBuildFile; fileRef = 28A4C39A21704E2E000107E9 /* TitleButton.swift */; };
		28A4C39E2170966D000107E9 /* PopViewController.swift in Sources */ = {isa = PBXBuildFile; fileRef = 28A4C39D2170966D000107E9 /* PopViewController.swift */; };
		28A4C3A021709EA1000107E9 /* BasePresentationController.swift in Sources */ = {isa = PBXBuildFile; fileRef = 28A4C39F21709EA1000107E9 /* BasePresentationController.swift */; };
		28A4C3A221757E99000107E9 /* PopoverAnimator.swift in Sources */ = {isa = PBXBuildFile; fileRef = 28A4C3A121757E99000107E9 /* PopoverAnimator.swift */; };
		28A4C3A72175CCCD000107E9 /* NetworkTools.swift in Sources */ = {isa = PBXBuildFile; fileRef = 28A4C3A62175CCCD000107E9 /* NetworkTools.swift */; };
		28A4C3A92175CE17000107E9 /* RegistViewController.swift in Sources */ = {isa = PBXBuildFile; fileRef = 28A4C3A82175CE17000107E9 /* RegistViewController.swift */; };
		28A5661D2176D8A000A67F3A /* Alamofire.framework in Frameworks */ = {isa = PBXBuildFile; fileRef = 28A5661E2176D8A000A67F3A /* Alamofire.framework */; settings = {ATTRIBUTES = (Required, ); }; };
		28A566222176DDF700A67F3A /* SnapKit.framework in Frameworks */ = {isa = PBXBuildFile; fileRef = 28A566232176DDF700A67F3A /* SnapKit.framework */; };
		28A5662421771C0A00A67F3A /* SwiftyJSON.framework in Frameworks */ = {isa = PBXBuildFile; fileRef = 28A5662521771C0A00A67F3A /* SwiftyJSON.framework */; };
		28A56627217728A300A67F3A /* HomeModel.swift in Sources */ = {isa = PBXBuildFile; fileRef = 28A56626217728A300A67F3A /* HomeModel.swift */; };
		28A56629217737BB00A67F3A /* CenterViewController.swift in Sources */ = {isa = PBXBuildFile; fileRef = 28A56628217737BB00A67F3A /* CenterViewController.swift */; };
		28A5662B2177393900A67F3A /* BaseNavViewController.swift in Sources */ = {isa = PBXBuildFile; fileRef = 28A5662A2177393900A67F3A /* BaseNavViewController.swift */; };
		28A566302178211F00A67F3A /* WkwebViewConfig.swift in Sources */ = {isa = PBXBuildFile; fileRef = 28A5662D2178211F00A67F3A /* WkwebViewConfig.swift */; };
		28A566312178211F00A67F3A /* WKJSPOST.html in Resources */ = {isa = PBXBuildFile; fileRef = 28A5662E2178211F00A67F3A /* WKJSPOST.html */; };
		28A566322178211F00A67F3A /* WebView.swift in Sources */ = {isa = PBXBuildFile; fileRef = 28A5662F2178211F00A67F3A /* WebView.swift */; };
		28A5663D2178276200A67F3A /* Extension+UIView.swift in Sources */ = {isa = PBXBuildFile; fileRef = 28A5663C2178276200A67F3A /* Extension+UIView.swift */; };
		28A5663F21782A4A00A67F3A /* Extension+String.swift in Sources */ = {isa = PBXBuildFile; fileRef = 28A5663E21782A4A00A67F3A /* Extension+String.swift */; };
		28EC86E5217F0DC60029B285 /* UserModel.swift in Sources */ = {isa = PBXBuildFile; fileRef = 28EC86E4217F0DC60029B285 /* UserModel.swift */; };
		28EC876E21800E630029B285 /* UserModelTools.swift in Sources */ = {isa = PBXBuildFile; fileRef = 28EC876D21800E630029B285 /* UserModelTools.swift */; };
		28FC3472218A92230098F2EF /* ComposeTextView.swift in Sources */ = {isa = PBXBuildFile; fileRef = 28FC3471218A92230098F2EF /* ComposeTextView.swift */; };
		2F32F2092105BC0100855200 /* OneViewController.swift in Sources */ = {isa = PBXBuildFile; fileRef = 2F32F2072105BC0100855200 /* OneViewController.swift */; };
		2F32F20C2105BCB300855200 /* FunctionViewController.swift in Sources */ = {isa = PBXBuildFile; fileRef = 2F32F20B2105BCB300855200 /* FunctionViewController.swift */; };
		2F77E8262046F421002915D2 /* AppDelegate.swift in Sources */ = {isa = PBXBuildFile; fileRef = 2F77E8252046F421002915D2 /* AppDelegate.swift */; };
		2F77E82B2046F421002915D2 /* Main.storyboard in Resources */ = {isa = PBXBuildFile; fileRef = 2F77E8292046F421002915D2 /* Main.storyboard */; };
		2F77E82D2046F421002915D2 /* Assets.xcassets in Resources */ = {isa = PBXBuildFile; fileRef = 2F77E82C2046F421002915D2 /* Assets.xcassets */; };
		2F77E8302046F421002915D2 /* LaunchScreen.storyboard in Resources */ = {isa = PBXBuildFile; fileRef = 2F77E82E2046F421002915D2 /* LaunchScreen.storyboard */; };
		2F77E83B2046F421002915D2 /* _1_swift___Tests.swift in Sources */ = {isa = PBXBuildFile; fileRef = 2F77E83A2046F421002915D2 /* _1_swift___Tests.swift */; };
		2F77E8462046F421002915D2 /* _1_swift___UITests.swift in Sources */ = {isa = PBXBuildFile; fileRef = 2F77E8452046F421002915D2 /* _1_swift___UITests.swift */; };
		2FA14770214174CE003AEAE4 /* UIButton-Extension.swift in Sources */ = {isa = PBXBuildFile; fileRef = 2FA1476F214174CE003AEAE4 /* UIButton-Extension.swift */; };
		2FBABA032107033E008E56C2 /* CommTools.swift in Sources */ = {isa = PBXBuildFile; fileRef = 2FBABA022107033E008E56C2 /* CommTools.swift */; };
		2FBABA0B2108184D008E56C2 /* DiscoverViewController.swift in Sources */ = {isa = PBXBuildFile; fileRef = 2FBABA0A2108184D008E56C2 /* DiscoverViewController.swift */; };
		2FBABA0D21081857008E56C2 /* MessageViewController.swift in Sources */ = {isa = PBXBuildFile; fileRef = 2FBABA0C21081857008E56C2 /* MessageViewController.swift */; };
		2FBABA0F2108186F008E56C2 /* PersonViewController.swift in Sources */ = {isa = PBXBuildFile; fileRef = 2FBABA0E2108186F008E56C2 /* PersonViewController.swift */; };
		2FBABA1621081B67008E56C2 /* MainVcSetting.json in Resources */ = {isa = PBXBuildFile; fileRef = 2FBABA1521081B67008E56C2 /* MainVcSetting.json */; };
		2FBABA2A2108A95E008E56C2 /* Message.storyboard in Resources */ = {isa = PBXBuildFile; fileRef = 2FBABA292108A95E008E56C2 /* Message.storyboard */; };
		2FBABA2D2108A979008E56C2 /* Discover.storyboard in Resources */ = {isa = PBXBuildFile; fileRef = 2FBABA2B2108A979008E56C2 /* Discover.storyboard */; };
		2FBABA2F2108A99F008E56C2 /* Person.storyboard in Resources */ = {isa = PBXBuildFile; fileRef = 2FBABA2E2108A99F008E56C2 /* Person.storyboard */; };
		2FBABA442109CE12008E56C2 /* Center.storyboard in Resources */ = {isa = PBXBuildFile; fileRef = 2FBABA422109CE12008E56C2 /* Center.storyboard */; };
		2FC767E520C539A1007C2331 /* HttpTool.swift in Sources */ = {isa = PBXBuildFile; fileRef = 2FC767E420C539A1007C2331 /* HttpTool.swift */; };
		2FC767EB20C55508007C2331 /* MainTableViewController.swift in Sources */ = {isa = PBXBuildFile; fileRef = 2FC767EA20C55508007C2331 /* MainTableViewController.swift */; };
		C93D545CBAD4AC620229F9A3 /* Pods_01_swift___Tests.framework in Frameworks */ = {isa = PBXBuildFile; fileRef = 5D19381F9301788FF715E32D /* Pods_01_swift___Tests.framework */; };
		E0ED53DBE01F1FEBB03D9727 /* Pods_01_swift___UITests.framework in Frameworks */ = {isa = PBXBuildFile; fileRef = 49AD68D47F2FC15110A7D428 /* Pods_01_swift___UITests.framework */; };
/* End PBXBuildFile section */

/* Begin PBXContainerItemProxy section */
		2F77E8372046F421002915D2 /* PBXContainerItemProxy */ = {
			isa = PBXContainerItemProxy;
			containerPortal = 2F77E81A2046F421002915D2 /* Project object */;
			proxyType = 1;
			remoteGlobalIDString = 2F77E8212046F421002915D2;
			remoteInfo = "01 swift 基础";
		};
		2F77E8422046F421002915D2 /* PBXContainerItemProxy */ = {
			isa = PBXContainerItemProxy;
			containerPortal = 2F77E81A2046F421002915D2 /* Project object */;
			proxyType = 1;
			remoteGlobalIDString = 2F77E8212046F421002915D2;
			remoteInfo = "01 swift 基础";
		};
/* End PBXContainerItemProxy section */

/* Begin PBXCopyFilesBuildPhase section */
		28A5661C2176D4C600A67F3A /* Embed Frameworks */ = {
			isa = PBXCopyFilesBuildPhase;
			buildActionMask = 12;
			dstPath = "";
			dstSubfolderSpec = 10;
			files = (
			);
			name = "Embed Frameworks";
			runOnlyForDeploymentPostprocessing = 0;
		};
/* End PBXCopyFilesBuildPhase section */

/* Begin PBXFileReference section */
		001851EE089DEFEAC01AAFF1 /* Pods-01 swift 基础UITests.debug.xcconfig */ = {isa = PBXFileReference; includeInIndex = 1; lastKnownFileType = text.xcconfig; name = "Pods-01 swift 基础UITests.debug.xcconfig"; path = "Pods/Target Support Files/Pods-01 swift 基础UITests/Pods-01 swift 基础UITests.debug.xcconfig"; sourceTree = "<group>"; };
		28116C8921CD0BA100F169BE /* UIBarButtonItem- Extension.swift */ = {isa = PBXFileReference; lastKnownFileType = sourcecode.swift; path = "UIBarButtonItem- Extension.swift"; sourceTree = "<group>"; };
		284FB261218C445900A50A71 /* 1541147852330.jpg */ = {isa = PBXFileReference; lastKnownFileType = image.jpeg; path = 1541147852330.jpg; sourceTree = "<group>"; };
		288099AD21DE1378009B766E /* PageContentView.swift */ = {isa = PBXFileReference; fileEncoding = 4; lastKnownFileType = sourcecode.swift; path = PageContentView.swift; sourceTree = "<group>"; };
		288099AE21DE1378009B766E /* PageTitleView.swift */ = {isa = PBXFileReference; fileEncoding = 4; lastKnownFileType = sourcecode.swift; path = PageTitleView.swift; sourceTree = "<group>"; };
		288099B121DF0ACC009B766E /* UIColor-Extension.swift */ = {isa = PBXFileReference; lastKnownFileType = sourcecode.swift; path = "UIColor-Extension.swift"; sourceTree = "<group>"; };
		288099BA21DF2B45009B766E /* GameViewController.swift */ = {isa = PBXFileReference; lastKnownFileType = sourcecode.swift; path = GameViewController.swift; sourceTree = "<group>"; };
		288099BC21DF2B5B009B766E /* FunnyViewController.swift */ = {isa = PBXFileReference; lastKnownFileType = sourcecode.swift; path = FunnyViewController.swift; sourceTree = "<group>"; };
		288099C021DF2B8C009B766E /* RecommendViewController.swift */ = {isa = PBXFileReference; lastKnownFileType = sourcecode.swift; path = RecommendViewController.swift; sourceTree = "<group>"; };
		288099C221DF2BA3009B766E /* AmuseViewController.swift */ = {isa = PBXFileReference; lastKnownFileType = sourcecode.swift; path = AmuseViewController.swift; sourceTree = "<group>"; };
		288099C421E32323009B766E /* RecomHeaderView.swift */ = {isa = PBXFileReference; lastKnownFileType = sourcecode.swift; path = RecomHeaderView.swift; sourceTree = "<group>"; };
		288099C521E32323009B766E /* RecomHeaderView.xib */ = {isa = PBXFileReference; lastKnownFileType = file.xib; path = RecomHeaderView.xib; sourceTree = "<group>"; };
		288099C821E33170009B766E /* CollectionNormalCell.xib */ = {isa = PBXFileReference; fileEncoding = 4; lastKnownFileType = file.xib; path = CollectionNormalCell.xib; sourceTree = "<group>"; };
		288099C921E33170009B766E /* CollectionNormalCell.swift */ = {isa = PBXFileReference; fileEncoding = 4; lastKnownFileType = sourcecode.swift; path = CollectionNormalCell.swift; sourceTree = "<group>"; };
		288099CA21E33170009B766E /* CollectionBaseCell.swift */ = {isa = PBXFileReference; fileEncoding = 4; lastKnownFileType = sourcecode.swift; path = CollectionBaseCell.swift; sourceTree = "<group>"; };
		288099CB21E33170009B766E /* CollectionPrettyCell.swift */ = {isa = PBXFileReference; fileEncoding = 4; lastKnownFileType = sourcecode.swift; path = CollectionPrettyCell.swift; sourceTree = "<group>"; };
		288099CC21E33170009B766E /* CollectionPrettyCell.xib */ = {isa = PBXFileReference; fileEncoding = 4; lastKnownFileType = file.xib; path = CollectionPrettyCell.xib; sourceTree = "<group>"; };
		288099D621E6E4D7009B766E /* RecommendViewModel.swift */ = {isa = PBXFileReference; lastKnownFileType = sourcecode.swift; path = RecommendViewModel.swift; sourceTree = "<group>"; };
		288099D821E6E6DD009B766E /* NSDate-Extension.swift */ = {isa = PBXFileReference; fileEncoding = 4; lastKnownFileType = sourcecode.swift; path = "NSDate-Extension.swift"; sourceTree = "<group>"; };
		288099DA21E6ECA4009B766E /* AnchorGroup.swift */ = {isa = PBXFileReference; lastKnownFileType = sourcecode.swift; path = AnchorGroup.swift; sourceTree = "<group>"; };
		288099DD21E72E7B009B766E /* LICENSE */ = {isa = PBXFileReference; lastKnownFileType = text; path = LICENSE; sourceTree = "<group>"; };
		288099DF21E72E7B009B766E /* ReflectionHelper.swift */ = {isa = PBXFileReference; lastKnownFileType = sourcecode.swift; path = ReflectionHelper.swift; sourceTree = "<group>"; };
		288099E021E72E7B009B766E /* Metadata.swift */ = {isa = PBXFileReference; lastKnownFileType = sourcecode.swift; path = Metadata.swift; sourceTree = "<group>"; };
		288099E121E72E7B009B766E /* CustomDateFormatTransform.swift */ = {isa = PBXFileReference; lastKnownFileType = sourcecode.swift; path = CustomDateFormatTransform.swift; sourceTree = "<group>"; };
		288099E221E72E7B009B766E /* Properties.swift */ = {isa = PBXFileReference; lastKnownFileType = sourcecode.swift; path = Properties.swift; sourceTree = "<group>"; };
		288099E321E72E7B009B766E /* HexColorTransform.swift */ = {isa = PBXFileReference; lastKnownFileType = sourcecode.swift; path = HexColorTransform.swift; sourceTree = "<group>"; };
		288099E421E72E7B009B766E /* Transformable.swift */ = {isa = PBXFileReference; lastKnownFileType = sourcecode.swift; path = Transformable.swift; sourceTree = "<group>"; };
		288099E521E72E7B009B766E /* PointerType.swift */ = {isa = PBXFileReference; lastKnownFileType = sourcecode.swift; path = PointerType.swift; sourceTree = "<group>"; };
		288099E621E72E7B009B766E /* Logger.swift */ = {isa = PBXFileReference; lastKnownFileType = sourcecode.swift; path = Logger.swift; sourceTree = "<group>"; };
		288099E721E72E7B009B766E /* ExtendCustomModelType.swift */ = {isa = PBXFileReference; lastKnownFileType = sourcecode.swift; path = ExtendCustomModelType.swift; sourceTree = "<group>"; };
		288099E821E72E7B009B766E /* Measuable.swift */ = {isa = PBXFileReference; lastKnownFileType = sourcecode.swift; path = Measuable.swift; sourceTree = "<group>"; };
		288099E921E72E7B009B766E /* ISO8601DateTransform.swift */ = {isa = PBXFileReference; lastKnownFileType = sourcecode.swift; path = ISO8601DateTransform.swift; sourceTree = "<group>"; };
		288099EA21E72E7B009B766E /* Export.swift */ = {isa = PBXFileReference; lastKnownFileType = sourcecode.swift; path = Export.swift; sourceTree = "<group>"; };
		288099EB21E72E7B009B766E /* URLTransform.swift */ = {isa = PBXFileReference; lastKnownFileType = sourcecode.swift; path = URLTransform.swift; sourceTree = "<group>"; };
		288099EC21E72E7B009B766E /* NSDecimalNumberTransform.swift */ = {isa = PBXFileReference; lastKnownFileType = sourcecode.swift; path = NSDecimalNumberTransform.swift; sourceTree = "<group>"; };
		288099ED21E72E7B009B766E /* ContextDescriptorType.swift */ = {isa = PBXFileReference; lastKnownFileType = sourcecode.swift; path = ContextDescriptorType.swift; sourceTree = "<group>"; };
		288099EE21E72E7B009B766E /* EnumTransform.swift */ = {isa = PBXFileReference; lastKnownFileType = sourcecode.swift; path = EnumTransform.swift; sourceTree = "<group>"; };
		288099EF21E72E7B009B766E /* CBridge.swift */ = {isa = PBXFileReference; lastKnownFileType = sourcecode.swift; path = CBridge.swift; sourceTree = "<group>"; };
		288099F021E72E7B009B766E /* BuiltInBasicType.swift */ = {isa = PBXFileReference; lastKnownFileType = sourcecode.swift; path = BuiltInBasicType.swift; sourceTree = "<group>"; };
		288099F121E72E7B009B766E /* OtherExtension.swift */ = {isa = PBXFileReference; lastKnownFileType = sourcecode.swift; path = OtherExtension.swift; sourceTree = "<group>"; };
		288099F221E72E7B009B766E /* Deserializer.swift */ = {isa = PBXFileReference; lastKnownFileType = sourcecode.swift; path = Deserializer.swift; sourceTree = "<group>"; };
		288099F321E72E7B009B766E /* DataTransform.swift */ = {isa = PBXFileReference; lastKnownFileType = sourcecode.swift; path = DataTransform.swift; sourceTree = "<group>"; };
		288099F421E72E7B009B766E /* BuiltInBridgeType.swift */ = {isa = PBXFileReference; lastKnownFileType = sourcecode.swift; path = BuiltInBridgeType.swift; sourceTree = "<group>"; };
		288099F521E72E7B009B766E /* HelpingMapper.swift */ = {isa = PBXFileReference; lastKnownFileType = sourcecode.swift; path = HelpingMapper.swift; sourceTree = "<group>"; };
		288099F621E72E7B009B766E /* AnyExtensions.swift */ = {isa = PBXFileReference; lastKnownFileType = sourcecode.swift; path = AnyExtensions.swift; sourceTree = "<group>"; };
		288099F721E72E7B009B766E /* EnumType.swift */ = {isa = PBXFileReference; lastKnownFileType = sourcecode.swift; path = EnumType.swift; sourceTree = "<group>"; };
		288099F821E72E7B009B766E /* HandyJSON.h */ = {isa = PBXFileReference; lastKnownFileType = sourcecode.c.h; path = HandyJSON.h; sourceTree = "<group>"; };
		288099F921E72E7B009B766E /* TransformType.swift */ = {isa = PBXFileReference; lastKnownFileType = sourcecode.swift; path = TransformType.swift; sourceTree = "<group>"; };
		288099FA21E72E7B009B766E /* DateTransform.swift */ = {isa = PBXFileReference; lastKnownFileType = sourcecode.swift; path = DateTransform.swift; sourceTree = "<group>"; };
		288099FB21E72E7B009B766E /* PropertyInfo.swift */ = {isa = PBXFileReference; lastKnownFileType = sourcecode.swift; path = PropertyInfo.swift; sourceTree = "<group>"; };
		288099FC21E72E7B009B766E /* DateFormatterTransform.swift */ = {isa = PBXFileReference; lastKnownFileType = sourcecode.swift; path = DateFormatterTransform.swift; sourceTree = "<group>"; };
		288099FD21E72E7B009B766E /* Serializer.swift */ = {isa = PBXFileReference; lastKnownFileType = sourcecode.swift; path = Serializer.swift; sourceTree = "<group>"; };
		288099FE21E72E7B009B766E /* ExtendCustomBasicType.swift */ = {isa = PBXFileReference; lastKnownFileType = sourcecode.swift; path = ExtendCustomBasicType.swift; sourceTree = "<group>"; };
		288099FF21E72E7B009B766E /* TransformOf.swift */ = {isa = PBXFileReference; lastKnownFileType = sourcecode.swift; path = TransformOf.swift; sourceTree = "<group>"; };
		28809A0021E72E7B009B766E /* Configuration.swift */ = {isa = PBXFileReference; lastKnownFileType = sourcecode.swift; path = Configuration.swift; sourceTree = "<group>"; };
		28809A0121E72E7B009B766E /* README.md */ = {isa = PBXFileReference; lastKnownFileType = net.daringfireball.markdown; path = README.md; sourceTree = "<group>"; };
		28809A0521E72EF4009B766E /* HandyJSON.framework */ = {isa = PBXFileReference; explicitFileType = wrapper.framework; path = HandyJSON.framework; sourceTree = BUILT_PRODUCTS_DIR; };
		28A4C394216F3FB8000107E9 /* TabBarViewController.swift */ = {isa = PBXFileReference; fileEncoding = 4; lastKnownFileType = sourcecode.swift; path = TabBarViewController.swift; sourceTree = "<group>"; };
		28A4C396216F3FD7000107E9 /* HomeViewController.swift */ = {isa = PBXFileReference; fileEncoding = 4; lastKnownFileType = sourcecode.swift; path = HomeViewController.swift; sourceTree = "<group>"; };
		28A4C397216F3FD7000107E9 /* Home.storyboard */ = {isa = PBXFileReference; fileEncoding = 4; lastKnownFileType = file.storyboard; path = Home.storyboard; sourceTree = "<group>"; };
		28A4C39A21704E2E000107E9 /* TitleButton.swift */ = {isa = PBXFileReference; lastKnownFileType = sourcecode.swift; path = TitleButton.swift; sourceTree = "<group>"; };
		28A4C39D2170966D000107E9 /* PopViewController.swift */ = {isa = PBXFileReference; lastKnownFileType = sourcecode.swift; path = PopViewController.swift; sourceTree = "<group>"; };
		28A4C39F21709EA1000107E9 /* BasePresentationController.swift */ = {isa = PBXFileReference; lastKnownFileType = sourcecode.swift; path = BasePresentationController.swift; sourceTree = "<group>"; };
		28A4C3A121757E99000107E9 /* PopoverAnimator.swift */ = {isa = PBXFileReference; lastKnownFileType = sourcecode.swift; path = PopoverAnimator.swift; sourceTree = "<group>"; };
		28A4C3A62175CCCD000107E9 /* NetworkTools.swift */ = {isa = PBXFileReference; lastKnownFileType = sourcecode.swift; path = NetworkTools.swift; sourceTree = "<group>"; };
		28A4C3A82175CE17000107E9 /* RegistViewController.swift */ = {isa = PBXFileReference; lastKnownFileType = sourcecode.swift; path = RegistViewController.swift; sourceTree = "<group>"; };
		28A5661E2176D8A000A67F3A /* Alamofire.framework */ = {isa = PBXFileReference; explicitFileType = wrapper.framework; path = Alamofire.framework; sourceTree = BUILT_PRODUCTS_DIR; };
		28A566232176DDF700A67F3A /* SnapKit.framework */ = {isa = PBXFileReference; explicitFileType = wrapper.framework; path = SnapKit.framework; sourceTree = BUILT_PRODUCTS_DIR; };
		28A5662521771C0A00A67F3A /* SwiftyJSON.framework */ = {isa = PBXFileReference; explicitFileType = wrapper.framework; path = SwiftyJSON.framework; sourceTree = BUILT_PRODUCTS_DIR; };
		28A56626217728A300A67F3A /* HomeModel.swift */ = {isa = PBXFileReference; lastKnownFileType = sourcecode.swift; path = HomeModel.swift; sourceTree = "<group>"; };
		28A56628217737BB00A67F3A /* CenterViewController.swift */ = {isa = PBXFileReference; lastKnownFileType = sourcecode.swift; path = CenterViewController.swift; sourceTree = "<group>"; };
		28A5662A2177393900A67F3A /* BaseNavViewController.swift */ = {isa = PBXFileReference; lastKnownFileType = sourcecode.swift; path = BaseNavViewController.swift; sourceTree = "<group>"; };
		28A5662D2178211F00A67F3A /* WkwebViewConfig.swift */ = {isa = PBXFileReference; fileEncoding = 4; lastKnownFileType = sourcecode.swift; path = WkwebViewConfig.swift; sourceTree = "<group>"; };
		28A5662E2178211F00A67F3A /* WKJSPOST.html */ = {isa = PBXFileReference; fileEncoding = 4; lastKnownFileType = text.html; path = WKJSPOST.html; sourceTree = "<group>"; };
		28A5662F2178211F00A67F3A /* WebView.swift */ = {isa = PBXFileReference; fileEncoding = 4; lastKnownFileType = sourcecode.swift; path = WebView.swift; sourceTree = "<group>"; };
		28A5663C2178276200A67F3A /* Extension+UIView.swift */ = {isa = PBXFileReference; lastKnownFileType = sourcecode.swift; path = "Extension+UIView.swift"; sourceTree = "<group>"; };
		28A5663E21782A4A00A67F3A /* Extension+String.swift */ = {isa = PBXFileReference; fileEncoding = 4; lastKnownFileType = sourcecode.swift; path = "Extension+String.swift"; sourceTree = "<group>"; };
		28EC86E4217F0DC60029B285 /* UserModel.swift */ = {isa = PBXFileReference; lastKnownFileType = sourcecode.swift; path = UserModel.swift; sourceTree = "<group>"; };
		28EC876D21800E630029B285 /* UserModelTools.swift */ = {isa = PBXFileReference; lastKnownFileType = sourcecode.swift; path = UserModelTools.swift; sourceTree = "<group>"; };
		28FC3471218A92230098F2EF /* ComposeTextView.swift */ = {isa = PBXFileReference; lastKnownFileType = sourcecode.swift; path = ComposeTextView.swift; sourceTree = "<group>"; };
		2F32F2072105BC0100855200 /* OneViewController.swift */ = {isa = PBXFileReference; lastKnownFileType = sourcecode.swift; path = OneViewController.swift; sourceTree = "<group>"; };
		2F32F20B2105BCB300855200 /* FunctionViewController.swift */ = {isa = PBXFileReference; lastKnownFileType = sourcecode.swift; path = FunctionViewController.swift; sourceTree = "<group>"; };
		2F77E8222046F421002915D2 /* 01 swift 基础.app */ = {isa = PBXFileReference; explicitFileType = wrapper.application; includeInIndex = 0; path = "01 swift 基础.app"; sourceTree = BUILT_PRODUCTS_DIR; };
		2F77E8252046F421002915D2 /* AppDelegate.swift */ = {isa = PBXFileReference; lastKnownFileType = sourcecode.swift; path = AppDelegate.swift; sourceTree = "<group>"; };
		2F77E82A2046F421002915D2 /* Base */ = {isa = PBXFileReference; lastKnownFileType = file.storyboard; name = Base; path = Base.lproj/Main.storyboard; sourceTree = "<group>"; };
		2F77E82C2046F421002915D2 /* Assets.xcassets */ = {isa = PBXFileReference; lastKnownFileType = folder.assetcatalog; path = Assets.xcassets; sourceTree = "<group>"; };
		2F77E82F2046F421002915D2 /* Base */ = {isa = PBXFileReference; lastKnownFileType = file.storyboard; name = Base; path = Base.lproj/LaunchScreen.storyboard; sourceTree = "<group>"; };
		2F77E8312046F421002915D2 /* Info.plist */ = {isa = PBXFileReference; lastKnownFileType = text.plist.xml; path = Info.plist; sourceTree = "<group>"; };
		2F77E8362046F421002915D2 /* 01 swift 基础Tests.xctest */ = {isa = PBXFileReference; explicitFileType = wrapper.cfbundle; includeInIndex = 0; path = "01 swift 基础Tests.xctest"; sourceTree = BUILT_PRODUCTS_DIR; };
		2F77E83A2046F421002915D2 /* _1_swift___Tests.swift */ = {isa = PBXFileReference; lastKnownFileType = sourcecode.swift; path = "_1_swift___Tests.swift"; sourceTree = "<group>"; };
		2F77E83C2046F421002915D2 /* Info.plist */ = {isa = PBXFileReference; lastKnownFileType = text.plist.xml; path = Info.plist; sourceTree = "<group>"; };
		2F77E8412046F421002915D2 /* 01 swift 基础UITests.xctest */ = {isa = PBXFileReference; explicitFileType = wrapper.cfbundle; includeInIndex = 0; path = "01 swift 基础UITests.xctest"; sourceTree = BUILT_PRODUCTS_DIR; };
		2F77E8452046F421002915D2 /* _1_swift___UITests.swift */ = {isa = PBXFileReference; lastKnownFileType = sourcecode.swift; path = "_1_swift___UITests.swift"; sourceTree = "<group>"; };
		2F77E8472046F421002915D2 /* Info.plist */ = {isa = PBXFileReference; lastKnownFileType = text.plist.xml; path = Info.plist; sourceTree = "<group>"; };
		2FA1476F214174CE003AEAE4 /* UIButton-Extension.swift */ = {isa = PBXFileReference; lastKnownFileType = sourcecode.swift; path = "UIButton-Extension.swift"; sourceTree = "<group>"; };
		2FBABA022107033E008E56C2 /* CommTools.swift */ = {isa = PBXFileReference; lastKnownFileType = sourcecode.swift; path = CommTools.swift; sourceTree = "<group>"; };
		2FBABA0A2108184D008E56C2 /* DiscoverViewController.swift */ = {isa = PBXFileReference; lastKnownFileType = sourcecode.swift; path = DiscoverViewController.swift; sourceTree = "<group>"; };
		2FBABA0C21081857008E56C2 /* MessageViewController.swift */ = {isa = PBXFileReference; lastKnownFileType = sourcecode.swift; path = MessageViewController.swift; sourceTree = "<group>"; };
		2FBABA0E2108186F008E56C2 /* PersonViewController.swift */ = {isa = PBXFileReference; lastKnownFileType = sourcecode.swift; path = PersonViewController.swift; sourceTree = "<group>"; };
		2FBABA1521081B67008E56C2 /* MainVcSetting.json */ = {isa = PBXFileReference; fileEncoding = 4; lastKnownFileType = text.json; path = MainVcSetting.json; sourceTree = "<group>"; };
		2FBABA292108A95E008E56C2 /* Message.storyboard */ = {isa = PBXFileReference; fileEncoding = 4; lastKnownFileType = file.storyboard; path = Message.storyboard; sourceTree = "<group>"; };
		2FBABA2C2108A979008E56C2 /* Base */ = {isa = PBXFileReference; lastKnownFileType = file.storyboard; name = Base; path = "01 swift 基础/Base.lproj/Discover.storyboard"; sourceTree = "<group>"; };
		2FBABA2E2108A99F008E56C2 /* Person.storyboard */ = {isa = PBXFileReference; fileEncoding = 4; lastKnownFileType = file.storyboard; path = Person.storyboard; sourceTree = "<group>"; };
		2FBABA432109CE12008E56C2 /* Base */ = {isa = PBXFileReference; lastKnownFileType = file.storyboard; name = Base; path = "01 swift 基础/Base.lproj/Center.storyboard"; sourceTree = "<group>"; };
		2FC767E420C539A1007C2331 /* HttpTool.swift */ = {isa = PBXFileReference; lastKnownFileType = sourcecode.swift; path = HttpTool.swift; sourceTree = "<group>"; };
		2FC767EA20C55508007C2331 /* MainTableViewController.swift */ = {isa = PBXFileReference; lastKnownFileType = sourcecode.swift; path = MainTableViewController.swift; sourceTree = "<group>"; };
		313CE0F0DFC18977C9A426D4 /* Pods-01 swift 基础.release.xcconfig */ = {isa = PBXFileReference; includeInIndex = 1; lastKnownFileType = text.xcconfig; name = "Pods-01 swift 基础.release.xcconfig"; path = "Pods/Target Support Files/Pods-01 swift 基础/Pods-01 swift 基础.release.xcconfig"; sourceTree = "<group>"; };
		49AD68D47F2FC15110A7D428 /* Pods_01_swift___UITests.framework */ = {isa = PBXFileReference; explicitFileType = wrapper.framework; includeInIndex = 0; path = "Pods_01_swift___UITests.framework"; sourceTree = BUILT_PRODUCTS_DIR; };
		53241CFDAAF08DEDF5EFCA3D /* Pods-01 swift 基础Tests.release.xcconfig */ = {isa = PBXFileReference; includeInIndex = 1; lastKnownFileType = text.xcconfig; name = "Pods-01 swift 基础Tests.release.xcconfig"; path = "Pods/Target Support Files/Pods-01 swift 基础Tests/Pods-01 swift 基础Tests.release.xcconfig"; sourceTree = "<group>"; };
		5D19381F9301788FF715E32D /* Pods_01_swift___Tests.framework */ = {isa = PBXFileReference; explicitFileType = wrapper.framework; includeInIndex = 0; path = "Pods_01_swift___Tests.framework"; sourceTree = BUILT_PRODUCTS_DIR; };
		6FD04EB294D606BEC39AB0C2 /* Pods-01 swift 基础UITests.release.xcconfig */ = {isa = PBXFileReference; includeInIndex = 1; lastKnownFileType = text.xcconfig; name = "Pods-01 swift 基础UITests.release.xcconfig"; path = "Pods/Target Support Files/Pods-01 swift 基础UITests/Pods-01 swift 基础UITests.release.xcconfig"; sourceTree = "<group>"; };
		C630DF5D065897086C655187 /* Pods_01_swift___.framework */ = {isa = PBXFileReference; explicitFileType = wrapper.framework; includeInIndex = 0; path = "Pods_01_swift___.framework"; sourceTree = BUILT_PRODUCTS_DIR; };
		DDE9CF3DF5771FB1EDD1F00C /* Pods-01 swift 基础Tests.debug.xcconfig */ = {isa = PBXFileReference; includeInIndex = 1; lastKnownFileType = text.xcconfig; name = "Pods-01 swift 基础Tests.debug.xcconfig"; path = "Pods/Target Support Files/Pods-01 swift 基础Tests/Pods-01 swift 基础Tests.debug.xcconfig"; sourceTree = "<group>"; };
		E618E2F0EA202DCE9CACFF56 /* Pods-01 swift 基础.debug.xcconfig */ = {isa = PBXFileReference; includeInIndex = 1; lastKnownFileType = text.xcconfig; name = "Pods-01 swift 基础.debug.xcconfig"; path = "Pods/Target Support Files/Pods-01 swift 基础/Pods-01 swift 基础.debug.xcconfig"; sourceTree = "<group>"; };
/* End PBXFileReference section */

/* Begin PBXFrameworksBuildPhase section */
		2F77E81F2046F421002915D2 /* Frameworks */ = {
			isa = PBXFrameworksBuildPhase;
			buildActionMask = 2147483647;
			files = (
				28809A0621E72EF4009B766E /* HandyJSON.framework in Frameworks */,
				28A5662421771C0A00A67F3A /* SwiftyJSON.framework in Frameworks */,
				28A566222176DDF700A67F3A /* SnapKit.framework in Frameworks */,
				28A5661D2176D8A000A67F3A /* Alamofire.framework in Frameworks */,
			);
			runOnlyForDeploymentPostprocessing = 0;
		};
		2F77E8332046F421002915D2 /* Frameworks */ = {
			isa = PBXFrameworksBuildPhase;
			buildActionMask = 2147483647;
			files = (
				C93D545CBAD4AC620229F9A3 /* Pods_01_swift___Tests.framework in Frameworks */,
			);
			runOnlyForDeploymentPostprocessing = 0;
		};
		2F77E83E2046F421002915D2 /* Frameworks */ = {
			isa = PBXFrameworksBuildPhase;
			buildActionMask = 2147483647;
			files = (
				E0ED53DBE01F1FEBB03D9727 /* Pods_01_swift___UITests.framework in Frameworks */,
			);
			runOnlyForDeploymentPostprocessing = 0;
		};
/* End PBXFrameworksBuildPhase section */

/* Begin PBXGroup section */
		283B385121DE12F2000B4397 /* Vendors */ = {
			isa = PBXGroup;
			children = (
				283B385221DE130F000B4397 /* pagecontroller */,
			);
			path = Vendors;
			sourceTree = "<group>";
		};
		283B385221DE130F000B4397 /* pagecontroller */ = {
			isa = PBXGroup;
			children = (
				288099AD21DE1378009B766E /* PageContentView.swift */,
				288099AE21DE1378009B766E /* PageTitleView.swift */,
			);
			path = pagecontroller;
			sourceTree = "<group>";
		};
		288099B721DF281E009B766E /* controller */ = {
			isa = PBXGroup;
			children = (
				288099BA21DF2B45009B766E /* GameViewController.swift */,
				288099BC21DF2B5B009B766E /* FunnyViewController.swift */,
				288099C021DF2B8C009B766E /* RecommendViewController.swift */,
				288099C221DF2BA3009B766E /* AmuseViewController.swift */,
			);
			path = controller;
			sourceTree = "<group>";
		};
		288099B821DF2877009B766E /* View */ = {
			isa = PBXGroup;
			children = (
				288099CA21E33170009B766E /* CollectionBaseCell.swift */,
				288099C921E33170009B766E /* CollectionNormalCell.swift */,
				288099C821E33170009B766E /* CollectionNormalCell.xib */,
				288099CB21E33170009B766E /* CollectionPrettyCell.swift */,
				288099CC21E33170009B766E /* CollectionPrettyCell.xib */,
				288099C421E32323009B766E /* RecomHeaderView.swift */,
				288099C521E32323009B766E /* RecomHeaderView.xib */,
			);
			path = View;
			sourceTree = "<group>";
		};
		288099B921DF2877009B766E /* Model */ = {
			isa = PBXGroup;
			children = (
				288099DA21E6ECA4009B766E /* AnchorGroup.swift */,
			);
			path = Model;
			sourceTree = "<group>";
		};
		288099D521E6E47B009B766E /* ViewModel */ = {
			isa = PBXGroup;
			children = (
				288099D621E6E4D7009B766E /* RecommendViewModel.swift */,
			);
			path = ViewModel;
			sourceTree = "<group>";
		};
		288099DC21E72E7B009B766E /* HandyJSON */ = {
			isa = PBXGroup;
			children = (
				288099DD21E72E7B009B766E /* LICENSE */,
				288099DE21E72E7B009B766E /* Source */,
				28809A0121E72E7B009B766E /* README.md */,
			);
			name = HandyJSON;
			path = Pods/HandyJSON;
			sourceTree = "<group>";
		};
		288099DE21E72E7B009B766E /* Source */ = {
			isa = PBXGroup;
			children = (
				288099DF21E72E7B009B766E /* ReflectionHelper.swift */,
				288099E021E72E7B009B766E /* Metadata.swift */,
				288099E121E72E7B009B766E /* CustomDateFormatTransform.swift */,
				288099E221E72E7B009B766E /* Properties.swift */,
				288099E321E72E7B009B766E /* HexColorTransform.swift */,
				288099E421E72E7B009B766E /* Transformable.swift */,
				288099E521E72E7B009B766E /* PointerType.swift */,
				288099E621E72E7B009B766E /* Logger.swift */,
				288099E721E72E7B009B766E /* ExtendCustomModelType.swift */,
				288099E821E72E7B009B766E /* Measuable.swift */,
				288099E921E72E7B009B766E /* ISO8601DateTransform.swift */,
				288099EA21E72E7B009B766E /* Export.swift */,
				288099EB21E72E7B009B766E /* URLTransform.swift */,
				288099EC21E72E7B009B766E /* NSDecimalNumberTransform.swift */,
				288099ED21E72E7B009B766E /* ContextDescriptorType.swift */,
				288099EE21E72E7B009B766E /* EnumTransform.swift */,
				288099EF21E72E7B009B766E /* CBridge.swift */,
				288099F021E72E7B009B766E /* BuiltInBasicType.swift */,
				288099F121E72E7B009B766E /* OtherExtension.swift */,
				288099F221E72E7B009B766E /* Deserializer.swift */,
				288099F321E72E7B009B766E /* DataTransform.swift */,
				288099F421E72E7B009B766E /* BuiltInBridgeType.swift */,
				288099F521E72E7B009B766E /* HelpingMapper.swift */,
				288099F621E72E7B009B766E /* AnyExtensions.swift */,
				288099F721E72E7B009B766E /* EnumType.swift */,
				288099F821E72E7B009B766E /* HandyJSON.h */,
				288099F921E72E7B009B766E /* TransformType.swift */,
				288099FA21E72E7B009B766E /* DateTransform.swift */,
				288099FB21E72E7B009B766E /* PropertyInfo.swift */,
				288099FC21E72E7B009B766E /* DateFormatterTransform.swift */,
				288099FD21E72E7B009B766E /* Serializer.swift */,
				288099FE21E72E7B009B766E /* ExtendCustomBasicType.swift */,
				288099FF21E72E7B009B766E /* TransformOf.swift */,
				28809A0021E72E7B009B766E /* Configuration.swift */,
			);
			path = Source;
			sourceTree = "<group>";
		};
		28A4C39C21709469000107E9 /* UIPopView */ = {
			isa = PBXGroup;
			children = (
				284FB261218C445900A50A71 /* 1541147852330.jpg */,
				28A4C39D2170966D000107E9 /* PopViewController.swift */,
				28A4C39F21709EA1000107E9 /* BasePresentationController.swift */,
				28A4C3A121757E99000107E9 /* PopoverAnimator.swift */,
			);
			path = UIPopView;
			sourceTree = "<group>";
		};
		28A4C3A32175C8A3000107E9 /* NetWork */ = {
			isa = PBXGroup;
			children = (
				28A4C3A62175CCCD000107E9 /* NetworkTools.swift */,
			);
			path = NetWork;
			sourceTree = "<group>";
		};
		28A5662C2178211F00A67F3A /* WKWebView */ = {
			isa = PBXGroup;
			children = (
				28A5662D2178211F00A67F3A /* WkwebViewConfig.swift */,
				28A5662E2178211F00A67F3A /* WKJSPOST.html */,
				28A5662F2178211F00A67F3A /* WebView.swift */,
			);
			path = WKWebView;
			sourceTree = "<group>";
		};
		28EC86E3217F0DB20029B285 /* Model */ = {
			isa = PBXGroup;
			children = (
				28EC86E4217F0DC60029B285 /* UserModel.swift */,
			);
			path = Model;
			sourceTree = "<group>";
		};
		28FC3470218A91AC0098F2EF /* Base */ = {
			isa = PBXGroup;
			children = (
				28FC3471218A92230098F2EF /* ComposeTextView.swift */,
			);
			path = Base;
			sourceTree = "<group>";
		};
		2F32F2062105BBE600855200 /* OneViewController */ = {
			isa = PBXGroup;
			children = (
				2F32F2072105BC0100855200 /* OneViewController.swift */,
			);
			path = OneViewController;
			sourceTree = "<group>";
		};
		2F77E8192046F421002915D2 = {
			isa = PBXGroup;
			children = (
				2F77E8242046F421002915D2 /* 01 swift 基础 */,
				2F77E8392046F421002915D2 /* 01 swift 基础Tests */,
				2F77E8442046F421002915D2 /* 01 swift 基础UITests */,
				2F77E8232046F421002915D2 /* Products */,
				9D669D2BBBFD23DFB70E8376 /* Pods */,
				AB398E6B2762E5D678832B52 /* Frameworks */,
			);
			sourceTree = "<group>";
		};
		2F77E8232046F421002915D2 /* Products */ = {
			isa = PBXGroup;
			children = (
				2F77E8222046F421002915D2 /* 01 swift 基础.app */,
				2F77E8362046F421002915D2 /* 01 swift 基础Tests.xctest */,
				2F77E8412046F421002915D2 /* 01 swift 基础UITests.xctest */,
			);
			name = Products;
			sourceTree = "<group>";
		};
		2F77E8242046F421002915D2 /* 01 swift 基础 */ = {
			isa = PBXGroup;
			children = (
				2FA1476D21417442003AEAE4 /* Tools */,
				2F32F2062105BBE600855200 /* OneViewController */,
				2FC767E920C554C9007C2331 /* mainTableView */,
				2F77E8252046F421002915D2 /* AppDelegate.swift */,
				2F77E8292046F421002915D2 /* Main.storyboard */,
				2F77E82C2046F421002915D2 /* Assets.xcassets */,
				2F77E82E2046F421002915D2 /* LaunchScreen.storyboard */,
				2F77E8312046F421002915D2 /* Info.plist */,
			);
			path = "01 swift 基础";
			sourceTree = "<group>";
		};
		2F77E8392046F421002915D2 /* 01 swift 基础Tests */ = {
			isa = PBXGroup;
			children = (
				2F77E83A2046F421002915D2 /* _1_swift___Tests.swift */,
				2F77E83C2046F421002915D2 /* Info.plist */,
			);
			path = "01 swift 基础Tests";
			sourceTree = "<group>";
		};
		2F77E8442046F421002915D2 /* 01 swift 基础UITests */ = {
			isa = PBXGroup;
			children = (
				2F77E8452046F421002915D2 /* _1_swift___UITests.swift */,
				2F77E8472046F421002915D2 /* Info.plist */,
			);
			path = "01 swift 基础UITests";
			sourceTree = "<group>";
		};
		2FA1476D21417442003AEAE4 /* Tools */ = {
			isa = PBXGroup;
			children = (
				283B385121DE12F2000B4397 /* Vendors */,
				28FC3470218A91AC0098F2EF /* Base */,
				28A5662C2178211F00A67F3A /* WKWebView */,
				28A4C3A32175C8A3000107E9 /* NetWork */,
				2FA1476E21417471003AEAE4 /* Category */,
			);
			path = Tools;
			sourceTree = "<group>";
		};
		2FA1476E21417471003AEAE4 /* Category */ = {
			isa = PBXGroup;
			children = (
				288099D821E6E6DD009B766E /* NSDate-Extension.swift */,
				28A5663E21782A4A00A67F3A /* Extension+String.swift */,
				2FA1476F214174CE003AEAE4 /* UIButton-Extension.swift */,
				28A4C39A21704E2E000107E9 /* TitleButton.swift */,
				28A5663C2178276200A67F3A /* Extension+UIView.swift */,
				28116C8921CD0BA100F169BE /* UIBarButtonItem- Extension.swift */,
				288099B121DF0ACC009B766E /* UIColor-Extension.swift */,
			);
			path = Category;
			sourceTree = "<group>";
		};
		2FBABA042108182E008E56C2 /* Message */ = {
			isa = PBXGroup;
			children = (
				2FBABA0C21081857008E56C2 /* MessageViewController.swift */,
				2FBABA292108A95E008E56C2 /* Message.storyboard */,
			);
			path = Message;
			sourceTree = "<group>";
		};
		2FBABA052108182E008E56C2 /* Home */ = {
			isa = PBXGroup;
			children = (
				28EC86E3217F0DB20029B285 /* Model */,
				28A4C39C21709469000107E9 /* UIPopView */,
				28A4C397216F3FD7000107E9 /* Home.storyboard */,
				28A4C396216F3FD7000107E9 /* HomeViewController.swift */,
				28A4C3A82175CE17000107E9 /* RegistViewController.swift */,
				28A56626217728A300A67F3A /* HomeModel.swift */,
			);
			path = Home;
			sourceTree = "<group>";
		};
		2FBABA062108182E008E56C2 /* Discover */ = {
			isa = PBXGroup;
			children = (
				2FBABA0A2108184D008E56C2 /* DiscoverViewController.swift */,
				2FBABA2B2108A979008E56C2 /* Discover.storyboard */,
				288099D521E6E47B009B766E /* ViewModel */,
				288099B721DF281E009B766E /* controller */,
				288099B921DF2877009B766E /* Model */,
				288099B821DF2877009B766E /* View */,
			);
			path = Discover;
			sourceTree = "<group>";
		};
		2FBABA072108182F008E56C2 /* Person */ = {
			isa = PBXGroup;
			children = (
				2FBABA0E2108186F008E56C2 /* PersonViewController.swift */,
				2FBABA2E2108A99F008E56C2 /* Person.storyboard */,
			);
			path = Person;
			sourceTree = "<group>";
		};
		2FBABA10210818A8008E56C2 /* Resource */ = {
			isa = PBXGroup;
			children = (
				2FBABA1521081B67008E56C2 /* MainVcSetting.json */,
				2FC767E420C539A1007C2331 /* HttpTool.swift */,
				2FBABA022107033E008E56C2 /* CommTools.swift */,
				28EC876D21800E630029B285 /* UserModelTools.swift */,
			);
			path = Resource;
			sourceTree = "<group>";
		};
		2FBABA452109CE30008E56C2 /* Center */ = {
			isa = PBXGroup;
			children = (
				2FBABA422109CE12008E56C2 /* Center.storyboard */,
				28A56628217737BB00A67F3A /* CenterViewController.swift */,
			);
			path = Center;
			sourceTree = "<group>";
		};
		2FC767E920C554C9007C2331 /* mainTableView */ = {
			isa = PBXGroup;
			children = (
				28A5662A2177393900A67F3A /* BaseNavViewController.swift */,
				28A4C394216F3FB8000107E9 /* TabBarViewController.swift */,
				2FC767EA20C55508007C2331 /* MainTableViewController.swift */,
				2F32F20B2105BCB300855200 /* FunctionViewController.swift */,
				2FBABA452109CE30008E56C2 /* Center */,
				2FBABA10210818A8008E56C2 /* Resource */,
				2FBABA062108182E008E56C2 /* Discover */,
				2FBABA052108182E008E56C2 /* Home */,
				2FBABA042108182E008E56C2 /* Message */,
				2FBABA072108182F008E56C2 /* Person */,
			);
			path = mainTableView;
			sourceTree = "<group>";
		};
		9D669D2BBBFD23DFB70E8376 /* Pods */ = {
			isa = PBXGroup;
			children = (
				E618E2F0EA202DCE9CACFF56 /* Pods-01 swift 基础.debug.xcconfig */,
				313CE0F0DFC18977C9A426D4 /* Pods-01 swift 基础.release.xcconfig */,
				DDE9CF3DF5771FB1EDD1F00C /* Pods-01 swift 基础Tests.debug.xcconfig */,
				53241CFDAAF08DEDF5EFCA3D /* Pods-01 swift 基础Tests.release.xcconfig */,
				001851EE089DEFEAC01AAFF1 /* Pods-01 swift 基础UITests.debug.xcconfig */,
				6FD04EB294D606BEC39AB0C2 /* Pods-01 swift 基础UITests.release.xcconfig */,
			);
			name = Pods;
			sourceTree = "<group>";
		};
		AB398E6B2762E5D678832B52 /* Frameworks */ = {
			isa = PBXGroup;
			children = (
				28809A0521E72EF4009B766E /* HandyJSON.framework */,
				288099DC21E72E7B009B766E /* HandyJSON */,
				28A5662521771C0A00A67F3A /* SwiftyJSON.framework */,
				28A566232176DDF700A67F3A /* SnapKit.framework */,
				28A5661E2176D8A000A67F3A /* Alamofire.framework */,
				5D19381F9301788FF715E32D /* Pods_01_swift___Tests.framework */,
				49AD68D47F2FC15110A7D428 /* Pods_01_swift___UITests.framework */,
				C630DF5D065897086C655187 /* Pods_01_swift___.framework */,
			);
			name = Frameworks;
			sourceTree = "<group>";
		};
/* End PBXGroup section */

/* Begin PBXNativeTarget section */
		2F77E8212046F421002915D2 /* 01 swift 基础 */ = {
			isa = PBXNativeTarget;
			buildConfigurationList = 2F77E84A2046F421002915D2 /* Build configuration list for PBXNativeTarget "01 swift 基础" */;
			buildPhases = (
				4F0A977970D5BE4EBC699B1C /* [CP] Check Pods Manifest.lock */,
				2F77E81E2046F421002915D2 /* Sources */,
				2F77E81F2046F421002915D2 /* Frameworks */,
				2F77E8202046F421002915D2 /* Resources */,
				28A5661C2176D4C600A67F3A /* Embed Frameworks */,
				8F91CD79F78D87FEB196254C /* [CP] Embed Pods Frameworks */,
			);
			buildRules = (
			);
			dependencies = (
			);
			name = "01 swift 基础";
			productName = "01 swift 基础";
			productReference = 2F77E8222046F421002915D2 /* 01 swift 基础.app */;
			productType = "com.apple.product-type.application";
		};
		2F77E8352046F421002915D2 /* 01 swift 基础Tests */ = {
			isa = PBXNativeTarget;
			buildConfigurationList = 2F77E84D2046F421002915D2 /* Build configuration list for PBXNativeTarget "01 swift 基础Tests" */;
			buildPhases = (
				2EE95BFA662B5CE8444B35EC /* [CP] Check Pods Manifest.lock */,
				2F77E8322046F421002915D2 /* Sources */,
				2F77E8332046F421002915D2 /* Frameworks */,
				2F77E8342046F421002915D2 /* Resources */,
			);
			buildRules = (
			);
			dependencies = (
				2F77E8382046F421002915D2 /* PBXTargetDependency */,
			);
			name = "01 swift 基础Tests";
			productName = "01 swift 基础Tests";
			productReference = 2F77E8362046F421002915D2 /* 01 swift 基础Tests.xctest */;
			productType = "com.apple.product-type.bundle.unit-test";
		};
		2F77E8402046F421002915D2 /* 01 swift 基础UITests */ = {
			isa = PBXNativeTarget;
			buildConfigurationList = 2F77E8502046F421002915D2 /* Build configuration list for PBXNativeTarget "01 swift 基础UITests" */;
			buildPhases = (
				6D59A1DC9AAFBA48C21998FB /* [CP] Check Pods Manifest.lock */,
				2F77E83D2046F421002915D2 /* Sources */,
				2F77E83E2046F421002915D2 /* Frameworks */,
				2F77E83F2046F421002915D2 /* Resources */,
			);
			buildRules = (
			);
			dependencies = (
				2F77E8432046F421002915D2 /* PBXTargetDependency */,
			);
			name = "01 swift 基础UITests";
			productName = "01 swift 基础UITests";
			productReference = 2F77E8412046F421002915D2 /* 01 swift 基础UITests.xctest */;
			productType = "com.apple.product-type.bundle.ui-testing";
		};
/* End PBXNativeTarget section */

/* Begin PBXProject section */
		2F77E81A2046F421002915D2 /* Project object */ = {
			isa = PBXProject;
			attributes = {
				LastSwiftUpdateCheck = 0920;
				LastUpgradeCheck = 0920;
				ORGANIZATIONNAME = fanruoyang;
				TargetAttributes = {
					2F77E8212046F421002915D2 = {
						CreatedOnToolsVersion = 9.2;
						LastSwiftMigration = 0920;
						ProvisioningStyle = Automatic;
					};
					2F77E8352046F421002915D2 = {
						CreatedOnToolsVersion = 9.2;
						ProvisioningStyle = Automatic;
						TestTargetID = 2F77E8212046F421002915D2;
					};
					2F77E8402046F421002915D2 = {
						CreatedOnToolsVersion = 9.2;
						ProvisioningStyle = Automatic;
						TestTargetID = 2F77E8212046F421002915D2;
					};
				};
			};
			buildConfigurationList = 2F77E81D2046F421002915D2 /* Build configuration list for PBXProject "01 swift 基础" */;
			compatibilityVersion = "Xcode 8.0";
			developmentRegion = en;
			hasScannedForEncodings = 0;
			knownRegions = (
				en,
				Base,
			);
			mainGroup = 2F77E8192046F421002915D2;
			productRefGroup = 2F77E8232046F421002915D2 /* Products */;
			projectDirPath = "";
			projectRoot = "";
			targets = (
				2F77E8212046F421002915D2 /* 01 swift 基础 */,
				2F77E8352046F421002915D2 /* 01 swift 基础Tests */,
				2F77E8402046F421002915D2 /* 01 swift 基础UITests */,
			);
		};
/* End PBXProject section */

/* Begin PBXResourcesBuildPhase section */
		2F77E8202046F421002915D2 /* Resources */ = {
			isa = PBXResourcesBuildPhase;
			buildActionMask = 2147483647;
			files = (
				2F77E8302046F421002915D2 /* LaunchScreen.storyboard in Resources */,
				28A566312178211F00A67F3A /* WKJSPOST.html in Resources */,
				288099CD21E33170009B766E /* CollectionNormalCell.xib in Resources */,
				284FB262218C445A00A50A71 /* 1541147852330.jpg in Resources */,
				2F77E82D2046F421002915D2 /* Assets.xcassets in Resources */,
				2FBABA442109CE12008E56C2 /* Center.storyboard in Resources */,
				28A4C399216F3FD7000107E9 /* Home.storyboard in Resources */,
				288099C721E32323009B766E /* RecomHeaderView.xib in Resources */,
				2FBABA1621081B67008E56C2 /* MainVcSetting.json in Resources */,
				2FBABA2A2108A95E008E56C2 /* Message.storyboard in Resources */,
				2FBABA2D2108A979008E56C2 /* Discover.storyboard in Resources */,
				288099D121E33170009B766E /* CollectionPrettyCell.xib in Resources */,
				2F77E82B2046F421002915D2 /* Main.storyboard in Resources */,
				2FBABA2F2108A99F008E56C2 /* Person.storyboard in Resources */,
			);
			runOnlyForDeploymentPostprocessing = 0;
		};
		2F77E8342046F421002915D2 /* Resources */ = {
			isa = PBXResourcesBuildPhase;
			buildActionMask = 2147483647;
			files = (
			);
			runOnlyForDeploymentPostprocessing = 0;
		};
		2F77E83F2046F421002915D2 /* Resources */ = {
			isa = PBXResourcesBuildPhase;
			buildActionMask = 2147483647;
			files = (
			);
			runOnlyForDeploymentPostprocessing = 0;
		};
/* End PBXResourcesBuildPhase section */

/* Begin PBXShellScriptBuildPhase section */
		2EE95BFA662B5CE8444B35EC /* [CP] Check Pods Manifest.lock */ = {
			isa = PBXShellScriptBuildPhase;
			buildActionMask = 2147483647;
			files = (
			);
			inputPaths = (
				"${PODS_PODFILE_DIR_PATH}/Podfile.lock",
				"${PODS_ROOT}/Manifest.lock",
			);
			name = "[CP] Check Pods Manifest.lock";
			outputPaths = (
				"$(DERIVED_FILE_DIR)/Pods-01 swift 基础Tests-checkManifestLockResult.txt",
			);
			runOnlyForDeploymentPostprocessing = 0;
			shellPath = /bin/sh;
			shellScript = "diff \"${PODS_PODFILE_DIR_PATH}/Podfile.lock\" \"${PODS_ROOT}/Manifest.lock\" > /dev/null\nif [ $? != 0 ] ; then\n    # print error to STDERR\n    echo \"error: The sandbox is not in sync with the Podfile.lock. Run 'pod install' or update your CocoaPods installation.\" >&2\n    exit 1\nfi\n# This output is used by Xcode 'outputs' to avoid re-running this script phase.\necho \"SUCCESS\" > \"${SCRIPT_OUTPUT_FILE_0}\"\n";
			showEnvVarsInLog = 0;
		};
		4F0A977970D5BE4EBC699B1C /* [CP] Check Pods Manifest.lock */ = {
			isa = PBXShellScriptBuildPhase;
			buildActionMask = 2147483647;
			files = (
			);
			inputPaths = (
				"${PODS_PODFILE_DIR_PATH}/Podfile.lock",
				"${PODS_ROOT}/Manifest.lock",
			);
			name = "[CP] Check Pods Manifest.lock";
			outputPaths = (
				"$(DERIVED_FILE_DIR)/Pods-01 swift 基础-checkManifestLockResult.txt",
			);
			runOnlyForDeploymentPostprocessing = 0;
			shellPath = /bin/sh;
			shellScript = "diff \"${PODS_PODFILE_DIR_PATH}/Podfile.lock\" \"${PODS_ROOT}/Manifest.lock\" > /dev/null\nif [ $? != 0 ] ; then\n    # print error to STDERR\n    echo \"error: The sandbox is not in sync with the Podfile.lock. Run 'pod install' or update your CocoaPods installation.\" >&2\n    exit 1\nfi\n# This output is used by Xcode 'outputs' to avoid re-running this script phase.\necho \"SUCCESS\" > \"${SCRIPT_OUTPUT_FILE_0}\"\n";
			showEnvVarsInLog = 0;
		};
		6D59A1DC9AAFBA48C21998FB /* [CP] Check Pods Manifest.lock */ = {
			isa = PBXShellScriptBuildPhase;
			buildActionMask = 2147483647;
			files = (
			);
			inputPaths = (
				"${PODS_PODFILE_DIR_PATH}/Podfile.lock",
				"${PODS_ROOT}/Manifest.lock",
			);
			name = "[CP] Check Pods Manifest.lock";
			outputPaths = (
				"$(DERIVED_FILE_DIR)/Pods-01 swift 基础UITests-checkManifestLockResult.txt",
			);
			runOnlyForDeploymentPostprocessing = 0;
			shellPath = /bin/sh;
			shellScript = "diff \"${PODS_PODFILE_DIR_PATH}/Podfile.lock\" \"${PODS_ROOT}/Manifest.lock\" > /dev/null\nif [ $? != 0 ] ; then\n    # print error to STDERR\n    echo \"error: The sandbox is not in sync with the Podfile.lock. Run 'pod install' or update your CocoaPods installation.\" >&2\n    exit 1\nfi\n# This output is used by Xcode 'outputs' to avoid re-running this script phase.\necho \"SUCCESS\" > \"${SCRIPT_OUTPUT_FILE_0}\"\n";
			showEnvVarsInLog = 0;
		};
		8F91CD79F78D87FEB196254C /* [CP] Embed Pods Frameworks */ = {
			isa = PBXShellScriptBuildPhase;
			buildActionMask = 2147483647;
			files = (
			);
			inputPaths = (
				"${SRCROOT}/Pods/Target Support Files/Pods-01 swift 基础/Pods-01 swift 基础-frameworks.sh",
				"${BUILT_PRODUCTS_DIR}/Alamofire/Alamofire.framework",
				"${BUILT_PRODUCTS_DIR}/HandyJSON/HandyJSON.framework",
				"${BUILT_PRODUCTS_DIR}/SnapKit/SnapKit.framework",
				"${BUILT_PRODUCTS_DIR}/SwiftyJSON/SwiftyJSON.framework",
			);
			name = "[CP] Embed Pods Frameworks";
			outputPaths = (
				"${TARGET_BUILD_DIR}/${FRAMEWORKS_FOLDER_PATH}/Alamofire.framework",
				"${TARGET_BUILD_DIR}/${FRAMEWORKS_FOLDER_PATH}/HandyJSON.framework",
				"${TARGET_BUILD_DIR}/${FRAMEWORKS_FOLDER_PATH}/SnapKit.framework",
				"${TARGET_BUILD_DIR}/${FRAMEWORKS_FOLDER_PATH}/SwiftyJSON.framework",
			);
			runOnlyForDeploymentPostprocessing = 0;
			shellPath = /bin/sh;
			shellScript = "\"${SRCROOT}/Pods/Target Support Files/Pods-01 swift 基础/Pods-01 swift 基础-frameworks.sh\"\n";
			showEnvVarsInLog = 0;
		};
/* End PBXShellScriptBuildPhase section */

/* Begin PBXSourcesBuildPhase section */
		2F77E81E2046F421002915D2 /* Sources */ = {
			isa = PBXSourcesBuildPhase;
			buildActionMask = 2147483647;
			files = (
				2FC767EB20C55508007C2331 /* MainTableViewController.swift in Sources */,
				28A566322178211F00A67F3A /* WebView.swift in Sources */,
				28A5663D2178276200A67F3A /* Extension+UIView.swift in Sources */,
				28A4C3A72175CCCD000107E9 /* NetworkTools.swift in Sources */,
				28A4C3A92175CE17000107E9 /* RegistViewController.swift in Sources */,
				28A4C3A021709EA1000107E9 /* BasePresentationController.swift in Sources */,
				288099C321DF2BA3009B766E /* AmuseViewController.swift in Sources */,
				28A56627217728A300A67F3A /* HomeModel.swift in Sources */,
				2FBABA0D21081857008E56C2 /* MessageViewController.swift in Sources */,
				28A4C39E2170966D000107E9 /* PopViewController.swift in Sources */,
				288099D921E6E6DD009B766E /* NSDate-Extension.swift in Sources */,
				2FC767E520C539A1007C2331 /* HttpTool.swift in Sources */,
				288099D721E6E4D7009B766E /* RecommendViewModel.swift in Sources */,
				28A5663F21782A4A00A67F3A /* Extension+String.swift in Sources */,
				288099CF21E33170009B766E /* CollectionBaseCell.swift in Sources */,
				288099BD21DF2B5B009B766E /* FunnyViewController.swift in Sources */,
				2F77E8262046F421002915D2 /* AppDelegate.swift in Sources */,
				288099B021DE1378009B766E /* PageTitleView.swift in Sources */,
				28A56629217737BB00A67F3A /* CenterViewController.swift in Sources */,
				288099AF21DE1378009B766E /* PageContentView.swift in Sources */,
				28A4C3A221757E99000107E9 /* PopoverAnimator.swift in Sources */,
				28A4C395216F3FB8000107E9 /* TabBarViewController.swift in Sources */,
				2F32F20C2105BCB300855200 /* FunctionViewController.swift in Sources */,
				28EC876E21800E630029B285 /* UserModelTools.swift in Sources */,
				2FBABA0F2108186F008E56C2 /* PersonViewController.swift in Sources */,
				2FA14770214174CE003AEAE4 /* UIButton-Extension.swift in Sources */,
				28EC86E5217F0DC60029B285 /* UserModel.swift in Sources */,
				2F32F2092105BC0100855200 /* OneViewController.swift in Sources */,
				2FBABA0B2108184D008E56C2 /* DiscoverViewController.swift in Sources */,
				288099CE21E33170009B766E /* CollectionNormalCell.swift in Sources */,
				28FC3472218A92230098F2EF /* ComposeTextView.swift in Sources */,
				288099B221DF0ACC009B766E /* UIColor-Extension.swift in Sources */,
				28A5662B2177393900A67F3A /* BaseNavViewController.swift in Sources */,
				288099C121DF2B8C009B766E /* RecommendViewController.swift in Sources */,
				28116C8A21CD0BA100F169BE /* UIBarButtonItem- Extension.swift in Sources */,
				288099D021E33170009B766E /* CollectionPrettyCell.swift in Sources */,
				288099C621E32323009B766E /* RecomHeaderView.swift in Sources */,
				2FBABA032107033E008E56C2 /* CommTools.swift in Sources */,
				28A4C39B21704E2E000107E9 /* TitleButton.swift in Sources */,
				288099DB21E6ECA4009B766E /* AnchorGroup.swift in Sources */,
				28A4C398216F3FD7000107E9 /* HomeViewController.swift in Sources */,
				288099BB21DF2B45009B766E /* GameViewController.swift in Sources */,
				28A566302178211F00A67F3A /* WkwebViewConfig.swift in Sources */,
			);
			runOnlyForDeploymentPostprocessing = 0;
		};
		2F77E8322046F421002915D2 /* Sources */ = {
			isa = PBXSourcesBuildPhase;
			buildActionMask = 2147483647;
			files = (
				2F77E83B2046F421002915D2 /* _1_swift___Tests.swift in Sources */,
			);
			runOnlyForDeploymentPostprocessing = 0;
		};
		2F77E83D2046F421002915D2 /* Sources */ = {
			isa = PBXSourcesBuildPhase;
			buildActionMask = 2147483647;
			files = (
				2F77E8462046F421002915D2 /* _1_swift___UITests.swift in Sources */,
			);
			runOnlyForDeploymentPostprocessing = 0;
		};
/* End PBXSourcesBuildPhase section */

/* Begin PBXTargetDependency section */
		2F77E8382046F421002915D2 /* PBXTargetDependency */ = {
			isa = PBXTargetDependency;
			target = 2F77E8212046F421002915D2 /* 01 swift 基础 */;
			targetProxy = 2F77E8372046F421002915D2 /* PBXContainerItemProxy */;
		};
		2F77E8432046F421002915D2 /* PBXTargetDependency */ = {
			isa = PBXTargetDependency;
			target = 2F77E8212046F421002915D2 /* 01 swift 基础 */;
			targetProxy = 2F77E8422046F421002915D2 /* PBXContainerItemProxy */;
		};
/* End PBXTargetDependency section */

/* Begin PBXVariantGroup section */
		2F77E8292046F421002915D2 /* Main.storyboard */ = {
			isa = PBXVariantGroup;
			children = (
				2F77E82A2046F421002915D2 /* Base */,
			);
			name = Main.storyboard;
			sourceTree = "<group>";
		};
		2F77E82E2046F421002915D2 /* LaunchScreen.storyboard */ = {
			isa = PBXVariantGroup;
			children = (
				2F77E82F2046F421002915D2 /* Base */,
			);
			name = LaunchScreen.storyboard;
			sourceTree = "<group>";
		};
		2FBABA2B2108A979008E56C2 /* Discover.storyboard */ = {
			isa = PBXVariantGroup;
			children = (
				2FBABA2C2108A979008E56C2 /* Base */,
			);
			name = Discover.storyboard;
			sourceTree = "<group>";
		};
		2FBABA422109CE12008E56C2 /* Center.storyboard */ = {
			isa = PBXVariantGroup;
			children = (
				2FBABA432109CE12008E56C2 /* Base */,
			);
			name = Center.storyboard;
			sourceTree = "<group>";
		};
/* End PBXVariantGroup section */

/* Begin XCBuildConfiguration section */
		2F77E8482046F421002915D2 /* Debug */ = {
			isa = XCBuildConfiguration;
			buildSettings = {
				ALWAYS_SEARCH_USER_PATHS = NO;
				CLANG_ANALYZER_NONNULL = YES;
				CLANG_ANALYZER_NUMBER_OBJECT_CONVERSION = YES_AGGRESSIVE;
				CLANG_CXX_LANGUAGE_STANDARD = "gnu++14";
				CLANG_CXX_LIBRARY = "libc++";
				CLANG_ENABLE_MODULES = YES;
				CLANG_ENABLE_OBJC_ARC = YES;
				CLANG_WARN_BLOCK_CAPTURE_AUTORELEASING = YES;
				CLANG_WARN_BOOL_CONVERSION = YES;
				CLANG_WARN_COMMA = YES;
				CLANG_WARN_CONSTANT_CONVERSION = YES;
				CLANG_WARN_DIRECT_OBJC_ISA_USAGE = YES_ERROR;
				CLANG_WARN_DOCUMENTATION_COMMENTS = YES;
				CLANG_WARN_EMPTY_BODY = YES;
				CLANG_WARN_ENUM_CONVERSION = YES;
				CLANG_WARN_INFINITE_RECURSION = YES;
				CLANG_WARN_INT_CONVERSION = YES;
				CLANG_WARN_NON_LITERAL_NULL_CONVERSION = YES;
				CLANG_WARN_OBJC_LITERAL_CONVERSION = YES;
				CLANG_WARN_OBJC_ROOT_CLASS = YES_ERROR;
				CLANG_WARN_RANGE_LOOP_ANALYSIS = YES;
				CLANG_WARN_STRICT_PROTOTYPES = YES;
				CLANG_WARN_SUSPICIOUS_MOVE = YES;
				CLANG_WARN_UNGUARDED_AVAILABILITY = YES_AGGRESSIVE;
				CLANG_WARN_UNREACHABLE_CODE = YES;
				CLANG_WARN__DUPLICATE_METHOD_MATCH = YES;
				CODE_SIGN_IDENTITY = "iPhone Developer";
				COPY_PHASE_STRIP = NO;
				DEBUG_INFORMATION_FORMAT = dwarf;
				ENABLE_STRICT_OBJC_MSGSEND = YES;
				ENABLE_TESTABILITY = YES;
				GCC_C_LANGUAGE_STANDARD = gnu11;
				GCC_DYNAMIC_NO_PIC = NO;
				GCC_NO_COMMON_BLOCKS = YES;
				GCC_OPTIMIZATION_LEVEL = 0;
				GCC_PREPROCESSOR_DEFINITIONS = (
					"DEBUG=1",
					"$(inherited)",
				);
				GCC_WARN_64_TO_32_BIT_CONVERSION = YES;
				GCC_WARN_ABOUT_RETURN_TYPE = YES_ERROR;
				GCC_WARN_UNDECLARED_SELECTOR = YES;
				GCC_WARN_UNINITIALIZED_AUTOS = YES_AGGRESSIVE;
				GCC_WARN_UNUSED_FUNCTION = YES;
				GCC_WARN_UNUSED_VARIABLE = YES;
				IPHONEOS_DEPLOYMENT_TARGET = 10.0;
				MTL_ENABLE_DEBUG_INFO = YES;
				ONLY_ACTIVE_ARCH = YES;
				SDKROOT = iphoneos;
				SWIFT_ACTIVE_COMPILATION_CONDITIONS = DEBUG;
				SWIFT_OPTIMIZATION_LEVEL = "-Onone";
			};
			name = Debug;
		};
		2F77E8492046F421002915D2 /* Release */ = {
			isa = XCBuildConfiguration;
			buildSettings = {
				ALWAYS_SEARCH_USER_PATHS = NO;
				CLANG_ANALYZER_NONNULL = YES;
				CLANG_ANALYZER_NUMBER_OBJECT_CONVERSION = YES_AGGRESSIVE;
				CLANG_CXX_LANGUAGE_STANDARD = "gnu++14";
				CLANG_CXX_LIBRARY = "libc++";
				CLANG_ENABLE_MODULES = YES;
				CLANG_ENABLE_OBJC_ARC = YES;
				CLANG_WARN_BLOCK_CAPTURE_AUTORELEASING = YES;
				CLANG_WARN_BOOL_CONVERSION = YES;
				CLANG_WARN_COMMA = YES;
				CLANG_WARN_CONSTANT_CONVERSION = YES;
				CLANG_WARN_DIRECT_OBJC_ISA_USAGE = YES_ERROR;
				CLANG_WARN_DOCUMENTATION_COMMENTS = YES;
				CLANG_WARN_EMPTY_BODY = YES;
				CLANG_WARN_ENUM_CONVERSION = YES;
				CLANG_WARN_INFINITE_RECURSION = YES;
				CLANG_WARN_INT_CONVERSION = YES;
				CLANG_WARN_NON_LITERAL_NULL_CONVERSION = YES;
				CLANG_WARN_OBJC_LITERAL_CONVERSION = YES;
				CLANG_WARN_OBJC_ROOT_CLASS = YES_ERROR;
				CLANG_WARN_RANGE_LOOP_ANALYSIS = YES;
				CLANG_WARN_STRICT_PROTOTYPES = YES;
				CLANG_WARN_SUSPICIOUS_MOVE = YES;
				CLANG_WARN_UNGUARDED_AVAILABILITY = YES_AGGRESSIVE;
				CLANG_WARN_UNREACHABLE_CODE = YES;
				CLANG_WARN__DUPLICATE_METHOD_MATCH = YES;
				CODE_SIGN_IDENTITY = "iPhone Developer";
				COPY_PHASE_STRIP = NO;
				DEBUG_INFORMATION_FORMAT = "dwarf-with-dsym";
				ENABLE_NS_ASSERTIONS = NO;
				ENABLE_STRICT_OBJC_MSGSEND = YES;
				GCC_C_LANGUAGE_STANDARD = gnu11;
				GCC_NO_COMMON_BLOCKS = YES;
				GCC_WARN_64_TO_32_BIT_CONVERSION = YES;
				GCC_WARN_ABOUT_RETURN_TYPE = YES_ERROR;
				GCC_WARN_UNDECLARED_SELECTOR = YES;
				GCC_WARN_UNINITIALIZED_AUTOS = YES_AGGRESSIVE;
				GCC_WARN_UNUSED_FUNCTION = YES;
				GCC_WARN_UNUSED_VARIABLE = YES;
				IPHONEOS_DEPLOYMENT_TARGET = 10.0;
				MTL_ENABLE_DEBUG_INFO = NO;
				SDKROOT = iphoneos;
				SWIFT_OPTIMIZATION_LEVEL = "-Owholemodule";
				VALIDATE_PRODUCT = YES;
			};
			name = Release;
		};
		2F77E84B2046F421002915D2 /* Debug */ = {
			isa = XCBuildConfiguration;
			baseConfigurationReference = E618E2F0EA202DCE9CACFF56 /* Pods-01 swift 基础.debug.xcconfig */;
			buildSettings = {
				ASSETCATALOG_COMPILER_APPICON_NAME = AppIcon;
				CLANG_ENABLE_MODULES = YES;
				"CODE_SIGN_IDENTITY[sdk=iphoneos*]" = "iPhone Developer";
				CODE_SIGN_STYLE = Automatic;
				DEVELOPMENT_TEAM = 3P7T3W3SP7;
				INFOPLIST_FILE = "01 swift 基础/Info.plist";
				IPHONEOS_DEPLOYMENT_TARGET = 11.3;
				LD_RUNPATH_SEARCH_PATHS = "$(inherited) @executable_path/Frameworks";
				OTHER_CODE_SIGN_FLAGS = "-D DEBUG";
				"OTHER_CODE_SIGN_FLAGS[sdk=*]" = "";
				PRODUCT_BUNDLE_IDENTIFIER = com.dc.shangt;
				PRODUCT_NAME = "$(TARGET_NAME)";
				PROVISIONING_PROFILE_SPECIFIER = "";
				SWIFT_OBJC_BRIDGING_HEADER = "";
				SWIFT_OPTIMIZATION_LEVEL = "-Onone";
				SWIFT_VERSION = 4.0;
				TARGETED_DEVICE_FAMILY = "1,2";
			};
			name = Debug;
		};
		2F77E84C2046F421002915D2 /* Release */ = {
			isa = XCBuildConfiguration;
			baseConfigurationReference = 313CE0F0DFC18977C9A426D4 /* Pods-01 swift 基础.release.xcconfig */;
			buildSettings = {
				ASSETCATALOG_COMPILER_APPICON_NAME = AppIcon;
				CLANG_ENABLE_MODULES = YES;
				"CODE_SIGN_IDENTITY[sdk=iphoneos*]" = "iPhone Developer";
				CODE_SIGN_STYLE = Automatic;
				DEVELOPMENT_TEAM = 3P7T3W3SP7;
				INFOPLIST_FILE = "01 swift 基础/Info.plist";
				IPHONEOS_DEPLOYMENT_TARGET = 11.3;
				LD_RUNPATH_SEARCH_PATHS = "$(inherited) @executable_path/Frameworks";
				PRODUCT_BUNDLE_IDENTIFIER = com.dc.shangt;
				PRODUCT_NAME = "$(TARGET_NAME)";
				PROVISIONING_PROFILE_SPECIFIER = "";
				SWIFT_OBJC_BRIDGING_HEADER = "";
				SWIFT_VERSION = 4.0;
				TARGETED_DEVICE_FAMILY = "1,2";
			};
			name = Release;
		};
		2F77E84E2046F421002915D2 /* Debug */ = {
			isa = XCBuildConfiguration;
			baseConfigurationReference = DDE9CF3DF5771FB1EDD1F00C /* Pods-01 swift 基础Tests.debug.xcconfig */;
			buildSettings = {
				ALWAYS_EMBED_SWIFT_STANDARD_LIBRARIES = YES;
				BUNDLE_LOADER = "$(TEST_HOST)";
				CODE_SIGN_STYLE = Automatic;
				INFOPLIST_FILE = "01 swift 基础Tests/Info.plist";
				LD_RUNPATH_SEARCH_PATHS = "$(inherited) @executable_path/Frameworks @loader_path/Frameworks";
				PRODUCT_BUNDLE_IDENTIFIER = "com.dc.shangtang.-1-swift---Tests";
				PRODUCT_NAME = "$(TARGET_NAME)";
				SWIFT_VERSION = 4.0;
				TARGETED_DEVICE_FAMILY = "1,2";
				TEST_HOST = "$(BUILT_PRODUCTS_DIR)/01 swift 基础.app/01 swift 基础";
			};
			name = Debug;
		};
		2F77E84F2046F421002915D2 /* Release */ = {
			isa = XCBuildConfiguration;
			baseConfigurationReference = 53241CFDAAF08DEDF5EFCA3D /* Pods-01 swift 基础Tests.release.xcconfig */;
			buildSettings = {
				ALWAYS_EMBED_SWIFT_STANDARD_LIBRARIES = YES;
				BUNDLE_LOADER = "$(TEST_HOST)";
				CODE_SIGN_STYLE = Automatic;
				INFOPLIST_FILE = "01 swift 基础Tests/Info.plist";
				LD_RUNPATH_SEARCH_PATHS = "$(inherited) @executable_path/Frameworks @loader_path/Frameworks";
				PRODUCT_BUNDLE_IDENTIFIER = "com.dc.shangtang.-1-swift---Tests";
				PRODUCT_NAME = "$(TARGET_NAME)";
				SWIFT_VERSION = 4.0;
				TARGETED_DEVICE_FAMILY = "1,2";
				TEST_HOST = "$(BUILT_PRODUCTS_DIR)/01 swift 基础.app/01 swift 基础";
			};
			name = Release;
		};
		2F77E8512046F421002915D2 /* Debug */ = {
			isa = XCBuildConfiguration;
			baseConfigurationReference = 001851EE089DEFEAC01AAFF1 /* Pods-01 swift 基础UITests.debug.xcconfig */;
			buildSettings = {
				ALWAYS_EMBED_SWIFT_STANDARD_LIBRARIES = YES;
				CODE_SIGN_STYLE = Automatic;
				INFOPLIST_FILE = "01 swift 基础UITests/Info.plist";
				LD_RUNPATH_SEARCH_PATHS = "$(inherited) @executable_path/Frameworks @loader_path/Frameworks";
				PRODUCT_BUNDLE_IDENTIFIER = "com.dc.shangtang.-1-swift---UITests";
				PRODUCT_NAME = "$(TARGET_NAME)";
				SWIFT_VERSION = 4.0;
				TARGETED_DEVICE_FAMILY = "1,2";
				TEST_TARGET_NAME = "01 swift 基础";
			};
			name = Debug;
		};
		2F77E8522046F421002915D2 /* Release */ = {
			isa = XCBuildConfiguration;
			baseConfigurationReference = 6FD04EB294D606BEC39AB0C2 /* Pods-01 swift 基础UITests.release.xcconfig */;
			buildSettings = {
				ALWAYS_EMBED_SWIFT_STANDARD_LIBRARIES = YES;
				CODE_SIGN_STYLE = Automatic;
				INFOPLIST_FILE = "01 swift 基础UITests/Info.plist";
				LD_RUNPATH_SEARCH_PATHS = "$(inherited) @executable_path/Frameworks @loader_path/Frameworks";
				PRODUCT_BUNDLE_IDENTIFIER = "com.dc.shangtang.-1-swift---UITests";
				PRODUCT_NAME = "$(TARGET_NAME)";
				SWIFT_VERSION = 4.0;
				TARGETED_DEVICE_FAMILY = "1,2";
				TEST_TARGET_NAME = "01 swift 基础";
			};
			name = Release;
		};
/* End XCBuildConfiguration section */

/* Begin XCConfigurationList section */
		2F77E81D2046F421002915D2 /* Build configuration list for PBXProject "01 swift 基础" */ = {
			isa = XCConfigurationList;
			buildConfigurations = (
				2F77E8482046F421002915D2 /* Debug */,
				2F77E8492046F421002915D2 /* Release */,
			);
			defaultConfigurationIsVisible = 0;
			defaultConfigurationName = Release;
		};
		2F77E84A2046F421002915D2 /* Build configuration list for PBXNativeTarget "01 swift 基础" */ = {
			isa = XCConfigurationList;
			buildConfigurations = (
				2F77E84B2046F421002915D2 /* Debug */,
				2F77E84C2046F421002915D2 /* Release */,
			);
			defaultConfigurationIsVisible = 0;
			defaultConfigurationName = Release;
		};
		2F77E84D2046F421002915D2 /* Build configuration list for PBXNativeTarget "01 swift 基础Tests" */ = {
			isa = XCConfigurationList;
			buildConfigurations = (
				2F77E84E2046F421002915D2 /* Debug */,
				2F77E84F2046F421002915D2 /* Release */,
			);
			defaultConfigurationIsVisible = 0;
			defaultConfigurationName = Release;
		};
		2F77E8502046F421002915D2 /* Build configuration list for PBXNativeTarget "01 swift 基础UITests" */ = {
			isa = XCConfigurationList;
			buildConfigurations = (
				2F77E8512046F421002915D2 /* Debug */,
				2F77E8522046F421002915D2 /* Release */,
			);
			defaultConfigurationIsVisible = 0;
			defaultConfigurationName = Release;
		};
/* End XCConfigurationList section */
	};
	rootObject = 2F77E81A2046F421002915D2 /* Project object */;
}
